// !$*UTF8*$!
{
	archiveVersion = 1;
	classes = {
	};
	objectVersion = 52;
	objects = {

/* Begin PBXBuildFile section */
		86D3EBAD253DCC6500F2FE1D /* MyMenuViewController.swift in Sources */ = {isa = PBXBuildFile; fileRef = 86D3EBAC253DCC6500F2FE1D /* MyMenuViewController.swift */; };
		86FA3E4B253CD47B00E98573 /* AppDelegate.swift in Sources */ = {isa = PBXBuildFile; fileRef = 86FA3E4A253CD47B00E98573 /* AppDelegate.swift */; };
		86FA3E4D253CD47B00E98573 /* SceneDelegate.swift in Sources */ = {isa = PBXBuildFile; fileRef = 86FA3E4C253CD47B00E98573 /* SceneDelegate.swift */; };
		86FA3E4F253CD47B00E98573 /* ViewController.swift in Sources */ = {isa = PBXBuildFile; fileRef = 86FA3E4E253CD47B00E98573 /* ViewController.swift */; };
		86FA3E52253CD47B00E98573 /* Main.storyboard in Resources */ = {isa = PBXBuildFile; fileRef = 86FA3E50253CD47B00E98573 /* Main.storyboard */; };
		86FA3E55253CD47B00E98573 /* ParkingVrn.xcdatamodeld in Sources */ = {isa = PBXBuildFile; fileRef = 86FA3E53253CD47B00E98573 /* ParkingVrn.xcdatamodeld */; };
		86FA3E57253CD47D00E98573 /* Assets.xcassets in Resources */ = {isa = PBXBuildFile; fileRef = 86FA3E56253CD47D00E98573 /* Assets.xcassets */; };
		86FA3E5A253CD47D00E98573 /* LaunchScreen.storyboard in Resources */ = {isa = PBXBuildFile; fileRef = 86FA3E58253CD47D00E98573 /* LaunchScreen.storyboard */; };
		86FA3E64253CE1D700E98573 /* SideMenu in Frameworks */ = {isa = PBXBuildFile; productRef = 86FA3E63253CE1D700E98573 /* SideMenu */; };
/* End PBXBuildFile section */

/* Begin PBXFileReference section */
		86D3EBAC253DCC6500F2FE1D /* MyMenuViewController.swift */ = {isa = PBXFileReference; lastKnownFileType = sourcecode.swift; path = MyMenuViewController.swift; sourceTree = "<group>"; };
		86FA3E47253CD47B00E98573 /* ParkingVrn.app */ = {isa = PBXFileReference; explicitFileType = wrapper.application; includeInIndex = 0; path = ParkingVrn.app; sourceTree = BUILT_PRODUCTS_DIR; };
		86FA3E4A253CD47B00E98573 /* AppDelegate.swift */ = {isa = PBXFileReference; lastKnownFileType = sourcecode.swift; path = AppDelegate.swift; sourceTree = "<group>"; };
		86FA3E4C253CD47B00E98573 /* SceneDelegate.swift */ = {isa = PBXFileReference; lastKnownFileType = sourcecode.swift; path = SceneDelegate.swift; sourceTree = "<group>"; };
		86FA3E4E253CD47B00E98573 /* ViewController.swift */ = {isa = PBXFileReference; lastKnownFileType = sourcecode.swift; path = ViewController.swift; sourceTree = "<group>"; };
		86FA3E51253CD47B00E98573 /* Base */ = {isa = PBXFileReference; lastKnownFileType = file.storyboard; name = Base; path = Base.lproj/Main.storyboard; sourceTree = "<group>"; };
		86FA3E54253CD47B00E98573 /* ParkingVrn.xcdatamodel */ = {isa = PBXFileReference; lastKnownFileType = wrapper.xcdatamodel; path = ParkingVrn.xcdatamodel; sourceTree = "<group>"; };
		86FA3E56253CD47D00E98573 /* Assets.xcassets */ = {isa = PBXFileReference; lastKnownFileType = folder.assetcatalog; path = Assets.xcassets; sourceTree = "<group>"; };
		86FA3E59253CD47D00E98573 /* Base */ = {isa = PBXFileReference; lastKnownFileType = file.storyboard; name = Base; path = Base.lproj/LaunchScreen.storyboard; sourceTree = "<group>"; };
		86FA3E5B253CD47D00E98573 /* Info.plist */ = {isa = PBXFileReference; lastKnownFileType = text.plist.xml; path = Info.plist; sourceTree = "<group>"; };
/* End PBXFileReference section */

/* Begin PBXFrameworksBuildPhase section */
		86FA3E44253CD47B00E98573 /* Frameworks */ = {
			isa = PBXFrameworksBuildPhase;
			buildActionMask = 2147483647;
			files = (
				86FA3E64253CE1D700E98573 /* SideMenu in Frameworks */,
			);
			runOnlyForDeploymentPostprocessing = 0;
		};
/* End PBXFrameworksBuildPhase section */

/* Begin PBXGroup section */
		86FA3E3E253CD47B00E98573 = {
			isa = PBXGroup;
			children = (
				86FA3E49253CD47B00E98573 /* ParkingVrn */,
				86FA3E48253CD47B00E98573 /* Products */,
			);
			sourceTree = "<group>";
		};
		86FA3E48253CD47B00E98573 /* Products */ = {
			isa = PBXGroup;
			children = (
				86FA3E47253CD47B00E98573 /* ParkingVrn.app */,
			);
			name = Products;
			sourceTree = "<group>";
		};
		86FA3E49253CD47B00E98573 /* ParkingVrn */ = {
			isa = PBXGroup;
			children = (
				86FA3E4A253CD47B00E98573 /* AppDelegate.swift */,
				86FA3E4C253CD47B00E98573 /* SceneDelegate.swift */,
				86FA3E4E253CD47B00E98573 /* ViewController.swift */,
				86D3EBAC253DCC6500F2FE1D /* MyMenuViewController.swift */,
				86FA3E50253CD47B00E98573 /* Main.storyboard */,
				86FA3E56253CD47D00E98573 /* Assets.xcassets */,
				86FA3E58253CD47D00E98573 /* LaunchScreen.storyboard */,
				86FA3E5B253CD47D00E98573 /* Info.plist */,
				86FA3E53253CD47B00E98573 /* ParkingVrn.xcdatamodeld */,
			);
			path = ParkingVrn;
			sourceTree = "<group>";
		};
/* End PBXGroup section */

/* Begin PBXNativeTarget section */
		86FA3E46253CD47B00E98573 /* ParkingVrn */ = {
			isa = PBXNativeTarget;
			buildConfigurationList = 86FA3E5E253CD47D00E98573 /* Build configuration list for PBXNativeTarget "ParkingVrn" */;
			buildPhases = (
				86FA3E43253CD47B00E98573 /* Sources */,
				86FA3E44253CD47B00E98573 /* Frameworks */,
				86FA3E45253CD47B00E98573 /* Resources */,
			);
			buildRules = (
			);
			dependencies = (
			);
			name = ParkingVrn;
			packageProductDependencies = (
				86FA3E63253CE1D700E98573 /* SideMenu */,
			);
			productName = ParkingVrn;
			productReference = 86FA3E47253CD47B00E98573 /* ParkingVrn.app */;
			productType = "com.apple.product-type.application";
		};
/* End PBXNativeTarget section */

/* Begin PBXProject section */
		86FA3E3F253CD47B00E98573 /* Project object */ = {
			isa = PBXProject;
			attributes = {
				LastSwiftUpdateCheck = 1200;
				LastUpgradeCheck = 1200;
				TargetAttributes = {
					86FA3E46253CD47B00E98573 = {
						CreatedOnToolsVersion = 12.0.1;
					};
				};
			};
			buildConfigurationList = 86FA3E42253CD47B00E98573 /* Build configuration list for PBXProject "ParkingVrn" */;
			compatibilityVersion = "Xcode 9.3";
			developmentRegion = en;
			hasScannedForEncodings = 0;
			knownRegions = (
				en,
				Base,
			);
			mainGroup = 86FA3E3E253CD47B00E98573;
			packageReferences = (
				86FA3E62253CE1D700E98573 /* XCRemoteSwiftPackageReference "SideMenu" */,
			);
			productRefGroup = 86FA3E48253CD47B00E98573 /* Products */;
			projectDirPath = "";
			projectRoot = "";
			targets = (
				86FA3E46253CD47B00E98573 /* ParkingVrn */,
			);
		};
/* End PBXProject section */

/* Begin PBXResourcesBuildPhase section */
		86FA3E45253CD47B00E98573 /* Resources */ = {
			isa = PBXResourcesBuildPhase;
			buildActionMask = 2147483647;
			files = (
				86FA3E5A253CD47D00E98573 /* LaunchScreen.storyboard in Resources */,
				86FA3E57253CD47D00E98573 /* Assets.xcassets in Resources */,
				86FA3E52253CD47B00E98573 /* Main.storyboard in Resources */,
			);
			runOnlyForDeploymentPostprocessing = 0;
		};
/* End PBXResourcesBuildPhase section */

/* Begin PBXSourcesBuildPhase section */
		86FA3E43253CD47B00E98573 /* Sources */ = {
			isa = PBXSourcesBuildPhase;
			buildActionMask = 2147483647;
			files = (
				86FA3E4F253CD47B00E98573 /* ViewController.swift in Sources */,
				86D3EBAD253DCC6500F2FE1D /* MyMenuViewController.swift in Sources */,
				86FA3E55253CD47B00E98573 /* ParkingVrn.xcdatamodeld in Sources */,
				86FA3E4B253CD47B00E98573 /* AppDelegate.swift in Sources */,
				86FA3E4D253CD47B00E98573 /* SceneDelegate.swift in Sources */,
			);
			runOnlyForDeploymentPostprocessing = 0;
		};
/* End PBXSourcesBuildPhase section */

/* Begin PBXVariantGroup section */
		86FA3E50253CD47B00E98573 /* Main.storyboard */ = {
			isa = PBXVariantGroup;
			children = (
				86FA3E51253CD47B00E98573 /* Base */,
			);
			name = Main.storyboard;
			sourceTree = "<group>";
		};
		86FA3E58253CD47D00E98573 /* LaunchScreen.storyboard */ = {
			isa = PBXVariantGroup;
			children = (
				86FA3E59253CD47D00E98573 /* Base */,
			);
			name = LaunchScreen.storyboard;
			sourceTree = "<group>";
		};
/* End PBXVariantGroup section */

/* Begin XCBuildConfiguration section */
		86FA3E5C253CD47D00E98573 /* Debug */ = {
			isa = XCBuildConfiguration;
			buildSettings = {
				ALWAYS_SEARCH_USER_PATHS = NO;
				CLANG_ANALYZER_NONNULL = YES;
				CLANG_ANALYZER_NUMBER_OBJECT_CONVERSION = YES_AGGRESSIVE;
				CLANG_CXX_LANGUAGE_STANDARD = "gnu++14";
				CLANG_CXX_LIBRARY = "libc++";
				CLANG_ENABLE_MODULES = YES;
				CLANG_ENABLE_OBJC_ARC = YES;
				CLANG_ENABLE_OBJC_WEAK = YES;
				CLANG_WARN_BLOCK_CAPTURE_AUTORELEASING = YES;
				CLANG_WARN_BOOL_CONVERSION = YES;
				CLANG_WARN_COMMA = YES;
				CLANG_WARN_CONSTANT_CONVERSION = YES;
				CLANG_WARN_DEPRECATED_OBJC_IMPLEMENTATIONS = YES;
				CLANG_WARN_DIRECT_OBJC_ISA_USAGE = YES_ERROR;
				CLANG_WARN_DOCUMENTATION_COMMENTS = YES;
				CLANG_WARN_EMPTY_BODY = YES;
				CLANG_WARN_ENUM_CONVERSION = YES;
				CLANG_WARN_INFINITE_RECURSION = YES;
				CLANG_WARN_INT_CONVERSION = YES;
				CLANG_WARN_NON_LITERAL_NULL_CONVERSION = YES;
				CLANG_WARN_OBJC_IMPLICIT_RETAIN_SELF = YES;
				CLANG_WARN_OBJC_LITERAL_CONVERSION = YES;
				CLANG_WARN_OBJC_ROOT_CLASS = YES_ERROR;
				CLANG_WARN_QUOTED_INCLUDE_IN_FRAMEWORK_HEADER = YES;
				CLANG_WARN_RANGE_LOOP_ANALYSIS = YES;
				CLANG_WARN_STRICT_PROTOTYPES = YES;
				CLANG_WARN_SUSPICIOUS_MOVE = YES;
				CLANG_WARN_UNGUARDED_AVAILABILITY = YES_AGGRESSIVE;
				CLANG_WARN_UNREACHABLE_CODE = YES;
				CLANG_WARN__DUPLICATE_METHOD_MATCH = YES;
				COPY_PHASE_STRIP = NO;
				DEBUG_INFORMATION_FORMAT = dwarf;
				ENABLE_STRICT_OBJC_MSGSEND = YES;
				ENABLE_TESTABILITY = YES;
				GCC_C_LANGUAGE_STANDARD = gnu11;
				GCC_DYNAMIC_NO_PIC = NO;
				GCC_NO_COMMON_BLOCKS = YES;
				GCC_OPTIMIZATION_LEVEL = 0;
				GCC_PREPROCESSOR_DEFINITIONS = (
					"DEBUG=1",
					"$(inherited)",
				);
				GCC_WARN_64_TO_32_BIT_CONVERSION = YES;
				GCC_WARN_ABOUT_RETURN_TYPE = YES_ERROR;
				GCC_WARN_UNDECLARED_SELECTOR = YES;
				GCC_WARN_UNINITIALIZED_AUTOS = YES_AGGRESSIVE;
				GCC_WARN_UNUSED_FUNCTION = YES;
				GCC_WARN_UNUSED_VARIABLE = YES;
				IPHONEOS_DEPLOYMENT_TARGET = 14.0;
				MTL_ENABLE_DEBUG_INFO = INCLUDE_SOURCE;
				MTL_FAST_MATH = YES;
				ONLY_ACTIVE_ARCH = YES;
				SDKROOT = iphoneos;
				SWIFT_ACTIVE_COMPILATION_CONDITIONS = DEBUG;
				SWIFT_OPTIMIZATION_LEVEL = "-Onone";
			};
			name = Debug;
		};
		86FA3E5D253CD47D00E98573 /* Release */ = {
			isa = XCBuildConfiguration;
			buildSettings = {
				ALWAYS_SEARCH_USER_PATHS = NO;
				CLANG_ANALYZER_NONNULL = YES;
				CLANG_ANALYZER_NUMBER_OBJECT_CONVERSION = YES_AGGRESSIVE;
				CLANG_CXX_LANGUAGE_STANDARD = "gnu++14";
				CLANG_CXX_LIBRARY = "libc++";
				CLANG_ENABLE_MODULES = YES;
				CLANG_ENABLE_OBJC_ARC = YES;
				CLANG_ENABLE_OBJC_WEAK = YES;
				CLANG_WARN_BLOCK_CAPTURE_AUTORELEASING = YES;
				CLANG_WARN_BOOL_CONVERSION = YES;
				CLANG_WARN_COMMA = YES;
				CLANG_WARN_CONSTANT_CONVERSION = YES;
				CLANG_WARN_DEPRECATED_OBJC_IMPLEMENTATIONS = YES;
				CLANG_WARN_DIRECT_OBJC_ISA_USAGE = YES_ERROR;
				CLANG_WARN_DOCUMENTATION_COMMENTS = YES;
				CLANG_WARN_EMPTY_BODY = YES;
				CLANG_WARN_ENUM_CONVERSION = YES;
				CLANG_WARN_INFINITE_RECURSION = YES;
				CLANG_WARN_INT_CONVERSION = YES;
				CLANG_WARN_NON_LITERAL_NULL_CONVERSION = YES;
				CLANG_WARN_OBJC_IMPLICIT_RETAIN_SELF = YES;
				CLANG_WARN_OBJC_LITERAL_CONVERSION = YES;
				CLANG_WARN_OBJC_ROOT_CLASS = YES_ERROR;
				CLANG_WARN_QUOTED_INCLUDE_IN_FRAMEWORK_HEADER = YES;
				CLANG_WARN_RANGE_LOOP_ANALYSIS = YES;
				CLANG_WARN_STRICT_PROTOTYPES = YES;
				CLANG_WARN_SUSPICIOUS_MOVE = YES;
				CLANG_WARN_UNGUARDED_AVAILABILITY = YES_AGGRESSIVE;
				CLANG_WARN_UNREACHABLE_CODE = YES;
				CLANG_WARN__DUPLICATE_METHOD_MATCH = YES;
				COPY_PHASE_STRIP = NO;
				DEBUG_INFORMATION_FORMAT = "dwarf-with-dsym";
				ENABLE_NS_ASSERTIONS = NO;
				ENABLE_STRICT_OBJC_MSGSEND = YES;
				GCC_C_LANGUAGE_STANDARD = gnu11;
				GCC_NO_COMMON_BLOCKS = YES;
				GCC_WARN_64_TO_32_BIT_CONVERSION = YES;
				GCC_WARN_ABOUT_RETURN_TYPE = YES_ERROR;
				GCC_WARN_UNDECLARED_SELECTOR = YES;
				GCC_WARN_UNINITIALIZED_AUTOS = YES_AGGRESSIVE;
				GCC_WARN_UNUSED_FUNCTION = YES;
				GCC_WARN_UNUSED_VARIABLE = YES;
				IPHONEOS_DEPLOYMENT_TARGET = 14.0;
				MTL_ENABLE_DEBUG_INFO = NO;
				MTL_FAST_MATH = YES;
				SDKROOT = iphoneos;
				SWIFT_COMPILATION_MODE = wholemodule;
				SWIFT_OPTIMIZATION_LEVEL = "-O";
				VALIDATE_PRODUCT = YES;
			};
			name = Release;
		};
		86FA3E5F253CD47D00E98573 /* Debug */ = {
			isa = XCBuildConfiguration;
			buildSettings = {
				ASSETCATALOG_COMPILER_APPICON_NAME = AppIcon;
				ASSETCATALOG_COMPILER_GLOBAL_ACCENT_COLOR_NAME = AccentColor;
				CODE_SIGN_STYLE = Automatic;
				INFOPLIST_FILE = ParkingVrn/Info.plist;
				LD_RUNPATH_SEARCH_PATHS = (
					"$(inherited)",
					"@executable_path/Frameworks",
				);
				PRODUCT_BUNDLE_IDENTIFIER = stepan.kuznetsov.ParkingVrn;
				PRODUCT_NAME = "$(TARGET_NAME)";
				SWIFT_VERSION = 5.0;
				TARGETED_DEVICE_FAMILY = "1,2";
			};
			name = Debug;
		};
		86FA3E60253CD47D00E98573 /* Release */ = {
			isa = XCBuildConfiguration;
			buildSettings = {
				ASSETCATALOG_COMPILER_APPICON_NAME = AppIcon;
				ASSETCATALOG_COMPILER_GLOBAL_ACCENT_COLOR_NAME = AccentColor;
				CODE_SIGN_STYLE = Automatic;
				INFOPLIST_FILE = ParkingVrn/Info.plist;
				LD_RUNPATH_SEARCH_PATHS = (
					"$(inherited)",
					"@executable_path/Frameworks",
				);
				PRODUCT_BUNDLE_IDENTIFIER = stepan.kuznetsov.ParkingVrn;
				PRODUCT_NAME = "$(TARGET_NAME)";
				SWIFT_VERSION = 5.0;
				TARGETED_DEVICE_FAMILY = "1,2";
			};
			name = Release;
		};
/* End XCBuildConfiguration section */

/* Begin XCConfigurationList section */
		86FA3E42253CD47B00E98573 /* Build configuration list for PBXProject "ParkingVrn" */ = {
			isa = XCConfigurationList;
			buildConfigurations = (
				86FA3E5C253CD47D00E98573 /* Debug */,
				86FA3E5D253CD47D00E98573 /* Release */,
			);
			defaultConfigurationIsVisible = 0;
			defaultConfigurationName = Release;
		};
		86FA3E5E253CD47D00E98573 /* Build configuration list for PBXNativeTarget "ParkingVrn" */ = {
			isa = XCConfigurationList;
			buildConfigurations = (
				86FA3E5F253CD47D00E98573 /* Debug */,
				86FA3E60253CD47D00E98573 /* Release */,
			);
			defaultConfigurationIsVisible = 0;
			defaultConfigurationName = Release;
		};
/* End XCConfigurationList section */

/* Begin XCRemoteSwiftPackageReference section */
		86FA3E62253CE1D700E98573 /* XCRemoteSwiftPackageReference "SideMenu" */ = {
			isa = XCRemoteSwiftPackageReference;
			repositoryURL = "https://github.com/jonkykong/SideMenu.git";
			requirement = {
				kind = upToNextMajorVersion;
				minimumVersion = 6.5.0;
			};
		};
/* End XCRemoteSwiftPackageReference section */

/* Begin XCSwiftPackageProductDependency section */
		86FA3E63253CE1D700E98573 /* SideMenu */ = {
			isa = XCSwiftPackageProductDependency;
			package = 86FA3E62253CE1D700E98573 /* XCRemoteSwiftPackageReference "SideMenu" */;
			productName = SideMenu;
		};
/* End XCSwiftPackageProductDependency section */

/* Begin XCVersionGroup section */
		86FA3E53253CD47B00E98573 /* ParkingVrn.xcdatamodeld */ = {
			isa = XCVersionGroup;
			children = (
				86FA3E54253CD47B00E98573 /* ParkingVrn.xcdatamodel */,
			);
			currentVersion = 86FA3E54253CD47B00E98573 /* ParkingVrn.xcdatamodel */;
			path = ParkingVrn.xcdatamodeld;
			sourceTree = "<group>";
			versionGroupType = wrapper.xcdatamodel;
		};
/* End XCVersionGroup section */
	};
	rootObject = 86FA3E3F253CD47B00E98573 /* Project object */;
}
